
Microsoft Visual Studio Solution File, Format Version 12.00
Project("{FAE04EC0-301F-11D3-BF4B-00C04F79EFBC}") = "PayRight.Cadastro.Domain", "src\PayRight.Cadastro.Domain\PayRight.Cadastro.Domain.csproj", "{6B128B1C-4C57-4737-96B3-CA6A3C521A67}"
EndProject
Project("{2150E333-8FDC-42A3-9474-1A3956D46DE8}") = "Cadastro", "Cadastro", "{DADAAB58-990C-4A6B-BAF3-4E999EE2DB61}"
EndProject
Project("{FAE04EC0-301F-11D3-BF4B-00C04F79EFBC}") = "PayRight.Cadastro.Tests", "tests\PayRight.Cadastro.Tests\PayRight.Cadastro.Tests.csproj", "{F8C04A4C-810C-4B37-824F-97D34236FA2E}"
EndProject
Project("{2150E333-8FDC-42A3-9474-1A3956D46DE8}") = "Testes", "Testes", "{3B745A6B-0925-4096-91A9-98BFE497B8DC}"
EndProject
Project("{FAE04EC0-301F-11D3-BF4B-00C04F79EFBC}") = "PayRight.Shared", "src\PayRight.Shared\PayRight.Shared.csproj", "{E8ADAC18-A3DC-4138-904B-53064651B938}"
EndProject
Project("{FAE04EC0-301F-11D3-BF4B-00C04F79EFBC}") = "PayRight.Cadastro.Infra", "src\PayRight.Cadastro.Infra\PayRight.Cadastro.Infra.csproj", "{B716D22B-060A-4234-95D6-AE0713318301}"
EndProject
Project("{FAE04EC0-301F-11D3-BF4B-00C04F79EFBC}") = "PayRight.Cadastro.API", "src\PayRight.Cadastro.API\PayRight.Cadastro.API.csproj", "{12055009-86A0-4C3B-96C5-DCC99C392F30}"
EndProject
Project("{2150E333-8FDC-42A3-9474-1A3956D46DE8}") = "Autenticacao", "Autenticacao", "{F596AF69-7F2F-40BD-AF9F-9181AF52F4A2}"
EndProject
Project("{FAE04EC0-301F-11D3-BF4B-00C04F79EFBC}") = "PayRight.Autenticacao.API", "src\PayRight.Autenticacao.API\PayRight.Autenticacao.API.csproj", "{C22EE95F-1E65-44DF-938A-AC10AA2E2F5B}"
EndProject
Project("{FAE04EC0-301F-11D3-BF4B-00C04F79EFBC}") = "PayRight.Autenticacao.Tests", "tests\PayRight.Autenticacao.Tests\PayRight.Autenticacao.Tests.csproj", "{559F87E3-78CF-4F6B-A84A-1BF1C6AC18CC}"
EndProject
Project("{2150E333-8FDC-42A3-9474-1A3956D46DE8}") = "Conta", "Conta", "{96C49E52-0A8A-4475-AE9F-C6841F34E6D5}"
EndProject
Project("{FAE04EC0-301F-11D3-BF4B-00C04F79EFBC}") = "PayRight.Conta.Domain", "src\PayRight.Conta.Domain\PayRight.Conta.Domain.csproj", "{A37BC115-7750-4959-A7AE-84FF5ECDE10E}"
EndProject
Project("{FAE04EC0-301F-11D3-BF4B-00C04F79EFBC}") = "PayRight.Conta.Tests", "tests\PayRight.Conta.Tests\PayRight.Conta.Tests.csproj", "{8026A5EC-4C67-4866-849B-9B7002E5568C}"
EndProject
Project("{FAE04EC0-301F-11D3-BF4B-00C04F79EFBC}") = "PayRight.Conta.Infra", "src\PayRight.Conta.Infra\PayRight.Conta.Infra.csproj", "{278C5440-F9BB-44A1-959B-5D7891E06B02}"
EndProject
Global
	GlobalSection(SolutionConfigurationPlatforms) = preSolution
		Debug|Any CPU = Debug|Any CPU
		Release|Any CPU = Release|Any CPU
	EndGlobalSection
	GlobalSection(ProjectConfigurationPlatforms) = postSolution
		{6B128B1C-4C57-4737-96B3-CA6A3C521A67}.Debug|Any CPU.ActiveCfg = Debug|Any CPU
		{6B128B1C-4C57-4737-96B3-CA6A3C521A67}.Debug|Any CPU.Build.0 = Debug|Any CPU
		{6B128B1C-4C57-4737-96B3-CA6A3C521A67}.Release|Any CPU.ActiveCfg = Release|Any CPU
		{6B128B1C-4C57-4737-96B3-CA6A3C521A67}.Release|Any CPU.Build.0 = Release|Any CPU
		{F8C04A4C-810C-4B37-824F-97D34236FA2E}.Debug|Any CPU.ActiveCfg = Debug|Any CPU
		{F8C04A4C-810C-4B37-824F-97D34236FA2E}.Debug|Any CPU.Build.0 = Debug|Any CPU
		{F8C04A4C-810C-4B37-824F-97D34236FA2E}.Release|Any CPU.ActiveCfg = Release|Any CPU
		{F8C04A4C-810C-4B37-824F-97D34236FA2E}.Release|Any CPU.Build.0 = Release|Any CPU
		{E8ADAC18-A3DC-4138-904B-53064651B938}.Debug|Any CPU.ActiveCfg = Debug|Any CPU
		{E8ADAC18-A3DC-4138-904B-53064651B938}.Debug|Any CPU.Build.0 = Debug|Any CPU
		{E8ADAC18-A3DC-4138-904B-53064651B938}.Release|Any CPU.ActiveCfg = Release|Any CPU
		{E8ADAC18-A3DC-4138-904B-53064651B938}.Release|Any CPU.Build.0 = Release|Any CPU
		{B716D22B-060A-4234-95D6-AE0713318301}.Debug|Any CPU.ActiveCfg = Debug|Any CPU
		{B716D22B-060A-4234-95D6-AE0713318301}.Debug|Any CPU.Build.0 = Debug|Any CPU
		{B716D22B-060A-4234-95D6-AE0713318301}.Release|Any CPU.ActiveCfg = Release|Any CPU
		{B716D22B-060A-4234-95D6-AE0713318301}.Release|Any CPU.Build.0 = Release|Any CPU
		{12055009-86A0-4C3B-96C5-DCC99C392F30}.Debug|Any CPU.ActiveCfg = Debug|Any CPU
		{12055009-86A0-4C3B-96C5-DCC99C392F30}.Debug|Any CPU.Build.0 = Debug|Any CPU
		{12055009-86A0-4C3B-96C5-DCC99C392F30}.Release|Any CPU.ActiveCfg = Release|Any CPU
		{12055009-86A0-4C3B-96C5-DCC99C392F30}.Release|Any CPU.Build.0 = Release|Any CPU
		{C22EE95F-1E65-44DF-938A-AC10AA2E2F5B}.Debug|Any CPU.ActiveCfg = Debug|Any CPU
		{C22EE95F-1E65-44DF-938A-AC10AA2E2F5B}.Debug|Any CPU.Build.0 = Debug|Any CPU
		{C22EE95F-1E65-44DF-938A-AC10AA2E2F5B}.Release|Any CPU.ActiveCfg = Release|Any CPU
		{C22EE95F-1E65-44DF-938A-AC10AA2E2F5B}.Release|Any CPU.Build.0 = Release|Any CPU
		{559F87E3-78CF-4F6B-A84A-1BF1C6AC18CC}.Debug|Any CPU.ActiveCfg = Debug|Any CPU
		{559F87E3-78CF-4F6B-A84A-1BF1C6AC18CC}.Debug|Any CPU.Build.0 = Debug|Any CPU
		{559F87E3-78CF-4F6B-A84A-1BF1C6AC18CC}.Release|Any CPU.ActiveCfg = Release|Any CPU
		{559F87E3-78CF-4F6B-A84A-1BF1C6AC18CC}.Release|Any CPU.Build.0 = Release|Any CPU
		{A37BC115-7750-4959-A7AE-84FF5ECDE10E}.Debug|Any CPU.ActiveCfg = Debug|Any CPU
		{A37BC115-7750-4959-A7AE-84FF5ECDE10E}.Debug|Any CPU.Build.0 = Debug|Any CPU
		{A37BC115-7750-4959-A7AE-84FF5ECDE10E}.Release|Any CPU.ActiveCfg = Release|Any CPU
		{A37BC115-7750-4959-A7AE-84FF5ECDE10E}.Release|Any CPU.Build.0 = Release|Any CPU
		{8026A5EC-4C67-4866-849B-9B7002E5568C}.Debug|Any CPU.ActiveCfg = Debug|Any CPU
		{8026A5EC-4C67-4866-849B-9B7002E5568C}.Debug|Any CPU.Build.0 = Debug|Any CPU
		{8026A5EC-4C67-4866-849B-9B7002E5568C}.Release|Any CPU.ActiveCfg = Release|Any CPU
		{8026A5EC-4C67-4866-849B-9B7002E5568C}.Release|Any CPU.Build.0 = Release|Any CPU
		{278C5440-F9BB-44A1-959B-5D7891E06B02}.Debug|Any CPU.ActiveCfg = Debug|Any CPU
		{278C5440-F9BB-44A1-959B-5D7891E06B02}.Debug|Any CPU.Build.0 = Debug|Any CPU
		{278C5440-F9BB-44A1-959B-5D7891E06B02}.Release|Any CPU.ActiveCfg = Release|Any CPU
		{278C5440-F9BB-44A1-959B-5D7891E06B02}.Release|Any CPU.Build.0 = Release|Any CPU
	EndGlobalSection
	GlobalSection(NestedProjects) = preSolution
		{6B128B1C-4C57-4737-96B3-CA6A3C521A67} = {DADAAB58-990C-4A6B-BAF3-4E999EE2DB61}
		{F8C04A4C-810C-4B37-824F-97D34236FA2E} = {3B745A6B-0925-4096-91A9-98BFE497B8DC}
		{B716D22B-060A-4234-95D6-AE0713318301} = {DADAAB58-990C-4A6B-BAF3-4E999EE2DB61}
		{12055009-86A0-4C3B-96C5-DCC99C392F30} = {DADAAB58-990C-4A6B-BAF3-4E999EE2DB61}
		{C22EE95F-1E65-44DF-938A-AC10AA2E2F5B} = {F596AF69-7F2F-40BD-AF9F-9181AF52F4A2}
		{559F87E3-78CF-4F6B-A84A-1BF1C6AC18CC} = {3B745A6B-0925-4096-91A9-98BFE497B8DC}
		{A37BC115-7750-4959-A7AE-84FF5ECDE10E} = {96C49E52-0A8A-4475-AE9F-C6841F34E6D5}
		{8026A5EC-4C67-4866-849B-9B7002E5568C} = {3B745A6B-0925-4096-91A9-98BFE497B8DC}
		{278C5440-F9BB-44A1-959B-5D7891E06B02} = {96C49E52-0A8A-4475-AE9F-C6841F34E6D5}
	EndGlobalSection
EndGlobal
